
Microsoft Visual Studio Solution File, Format Version 12.00
# Visual Studio 14
VisualStudioVersion = 14.0.25420.1
MinimumVisualStudioVersion = 10.0.40219.1
Project("{FAE04EC0-301F-11D3-BF4B-00C04F79EFBC}") = "AlwaysPizza@Toronto", "AlwaysPizza@Toronto\AlwaysPizza@Toronto.csproj", "{042CE7F5-91BE-492A-A670-9FA3CA191BEF}"
EndProject
Global
	GlobalSection(SolutionConfigurationPlatforms) = preSolution
		Debug|Any CPU = Debug|Any CPU
		Release|Any CPU = Release|Any CPU
	EndGlobalSection
	GlobalSection(ProjectConfigurationPlatforms) = postSolution
		{042CE7F5-91BE-492A-A670-9FA3CA191BEF}.Debug|Any CPU.ActiveCfg = Debug|Any CPU
		{042CE7F5-91BE-492A-A670-9FA3CA191BEF}.Debug|Any CPU.Build.0 = Debug|Any CPU
		{042CE7F5-91BE-492A-A670-9FA3CA191BEF}.Release|Any CPU.ActiveCfg = Release|Any CPU
		{042CE7F5-91BE-492A-A670-9FA3CA191BEF}.Release|Any CPU.Build.0 = Release|Any CPU
	EndGlobalSection
	GlobalSection(SolutionProperties) = preSolution
		HideSolutionNode = FALSE
	EndGlobalSection
EndGlobal
